<?xml version="1.0" encoding="utf-8"?>
<Project ToolsVersion="4.0" xmlns="http://schemas.microsoft.com/developer/msbuild/2003">
  <ItemGroup>
    <Filter Include="Source Files">
      <UniqueIdentifier>{4FC737F1-C7A5-4376-A066-2A32D752A2FF}</UniqueIdentifier>
      <Extensions>cpp;c;cc;cxx;def;odl;idl;hpj;bat;asm;asmx</Extensions>
    </Filter>
    <Filter Include="Header Files">
      <UniqueIdentifier>{93995380-89BD-4b04-88EB-625FBE52EBFB}</UniqueIdentifier>
      <Extensions>h;hpp;hxx;hm;inl;inc;xsd</Extensions>
    </Filter>
    <Filter Include="Resource Files">
      <UniqueIdentifier>{67DA6AB6-F800-4c08-8B7A-83BB121AAD01}</UniqueIdentifier>
      <Extensions>rc;ico;cur;bmp;dlg;rc2;rct;bin;rgs;gif;jpg;jpeg;jpe;resx;tiff;tif;png;wav;mfcribbon-ms</Extensions>
    </Filter>
    <Filter Include="Source Files\SRDFUtils">
      <UniqueIdentifier>{d7f3d93b-a26e-4202-b10d-805c7898dc2c}</UniqueIdentifier>
    </Filter>
  </ItemGroup>
  <ItemGroup>
    <ClCompile Include="cSession.cpp">
      <Filter>Source Files</Filter>
    </ClCompile>
    <ClCompile Include="cSessionManager.cpp">
      <Filter>Source Files</Filter>
    </ClCompile>
    <ClCompile Include="cTCPClient.cpp">
      <Filter>Source Files</Filter>
    </ClCompile>
    <ClCompile Include="cTCPServer.cpp">
      <Filter>Source Files</Filter>
    </ClCompile>
    <ClCompile Include="cTCPSConnection.cpp">
      <Filter>Source Files</Filter>
    </ClCompile>
    <ClCompile Include="cHTTPServer.cpp">
      <Filter>Source Files</Filter>
    </ClCompile>
    <ClCompile Include="cHTTPSConnection.cpp">
      <Filter>Source Files</Filter>
    </ClCompile>
    <ClCompile Include="cHTTPHandler.cpp">
      <Filter>Source Files</Filter>
    </ClCompile>
    <ClCompile Include="cHTTPRequest.cpp">
      <Filter>Source Files</Filter>
    </ClCompile>
    <ClCompile Include="cHTTPResponse.cpp">
      <Filter>Source Files</Filter>
    </ClCompile>
    <ClCompile Include="cHTTPClient.cpp">
      <Filter>Source Files</Filter>
    </ClCompile>
    <ClCompile Include="cHash.cpp">
      <Filter>Source Files\SRDFUtils</Filter>
    </ClCompile>
    <ClCompile Include="cUtils.cpp">
      <Filter>Source Files</Filter>
    </ClCompile>
    <ClCompile Include="cString.cpp">
      <Filter>Source Files\SRDFUtils</Filter>
    </ClCompile>
    <ClCompile Include="EncodedStrings.cpp">
      <Filter>Source Files\SRDFUtils</Filter>
    </ClCompile>
    <ClCompile Include="cList.cpp">
      <Filter>Source Files\SRDFUtils</Filter>
    </ClCompile>
    <ClCompile Include="cSerializer.cpp">
      <Filter>Source Files\SRDFUtils</Filter>
    </ClCompile>
    <ClCompile Include="httpcat.cpp">
      <Filter>Source Files</Filter>
    </ClCompile>
  </ItemGroup>
  <ItemGroup>
    <ClInclude Include="cSession.h">
      <Filter>Header Files</Filter>
    </ClInclude>
    <ClInclude Include="cSessionManager.h">
      <Filter>Header Files</Filter>
    </ClInclude>
    <ClInclude Include="cTCPClient.h">
      <Filter>Header Files</Filter>
    </ClInclude>
    <ClInclude Include="cTCPServer.h">
      <Filter>Header Files</Filter>
    </ClInclude>
    <ClInclude Include="cTCPSConnection.h">
      <Filter>Header Files</Filter>
    </ClInclude>
    <ClInclude Include="cUtils.h">
      <Filter>Header Files</Filter>
    </ClInclude>
    <ClInclude Include="cHTTPServer.h">
      <Filter>Header Files</Filter>
    </ClInclude>
    <ClInclude Include="cHTTPSConnection.h">
      <Filter>Header Files</Filter>
    </ClInclude>
    <ClInclude Include="cHTTPHandler.h">
      <Filter>Header Files</Filter>
    </ClInclude>
    <ClInclude Include="cHTTPRequest.h">
      <Filter>Header Files</Filter>
    </ClInclude>
    <ClInclude Include="cHTTPResponse.h">
      <Filter>Header Files</Filter>
    </ClInclude>
    <ClInclude Include="cHTTPClient.h">
      <Filter>Header Files</Filter>
    </ClInclude>
    <ClInclude Include="SRDFUtils.h">
      <Filter>Header Files</Filter>
    </ClInclude>
    <ClInclude Include="cString.h">
      <Filter>Header Files</Filter>
    </ClInclude>
    <ClInclude Include="os.h">
      <Filter>Header Files</Filter>
    </ClInclude>
    <ClInclude Include="httpcat.h">
      <Filter>Header Files</Filter>
    </ClInclude>
  </ItemGroup>
</Project>